// !$*UTF8*$!
{
	archiveVersion = 1;
	classes = {
	};
	objectVersion = 56;
	objects = {

/* Begin PBXBuildFile section */
		055E46DC29B367DE00E0C01D /* COWStatusCrumbApp.swift in Sources */ = {isa = PBXBuildFile; fileRef = 055E46DB29B367DE00E0C01D /* COWStatusCrumbApp.swift */; };
		055E46DE29B367DE00E0C01D /* ContentView.swift in Sources */ = {isa = PBXBuildFile; fileRef = 055E46DD29B367DE00E0C01D /* ContentView.swift */; };
		055E46E029B367E000E0C01D /* Assets.xcassets in Resources */ = {isa = PBXBuildFile; fileRef = 055E46DF29B367E000E0C01D /* Assets.xcassets */; };
		055E46E329B367E000E0C01D /* Preview Assets.xcassets in Resources */ = {isa = PBXBuildFile; fileRef = 055E46E229B367E000E0C01D /* Preview Assets.xcassets */; };
		055E46F429B3691500E0C01D /* vm_unaligned_copy_switch_race.c in Sources */ = {isa = PBXBuildFile; fileRef = 055E46EE29B3691500E0C01D /* vm_unaligned_copy_switch_race.c */; };
		055E46F529B3691500E0C01D /* helpers.m in Sources */ = {isa = PBXBuildFile; fileRef = 055E46EF29B3691500E0C01D /* helpers.m */; };
		055E46F629B3691500E0C01D /* grant_full_disk_access.m in Sources */ = {isa = PBXBuildFile; fileRef = 055E46F129B3691500E0C01D /* grant_full_disk_access.m */; };
		055E470329B3694C00E0C01D /* StatusSetter14.m in Sources */ = {isa = PBXBuildFile; fileRef = 055E46F929B3694C00E0C01D /* StatusSetter14.m */; };
		055E470429B3694C00E0C01D /* StatusManager.m in Sources */ = {isa = PBXBuildFile; fileRef = 055E46FA29B3694C00E0C01D /* StatusManager.m */; };
		055E470529B3694C00E0C01D /* StatusSetter15.m in Sources */ = {isa = PBXBuildFile; fileRef = 055E46FC29B3694C00E0C01D /* StatusSetter15.m */; };
		055E470629B3694C00E0C01D /* StatusSetter16.m in Sources */ = {isa = PBXBuildFile; fileRef = 055E46FD29B3694C00E0C01D /* StatusSetter16.m */; };
		055E470729B3694C00E0C01D /* StatusSetter16_1.m in Sources */ = {isa = PBXBuildFile; fileRef = 055E470029B3694C00E0C01D /* StatusSetter16_1.m */; };
		055E470A29B36A7B00E0C01D /* LocationManager.swift in Sources */ = {isa = PBXBuildFile; fileRef = 055E470929B36A7B00E0C01D /* LocationManager.swift */; };
		055E470C29B36AC400E0C01D /* BackgroundFileUpdaterController.swift in Sources */ = {isa = PBXBuildFile; fileRef = 055E470B29B36AC400E0C01D /* BackgroundFileUpdaterController.swift */; };
		055E470E29B36B1600E0C01D /* Public.swift in Sources */ = {isa = PBXBuildFile; fileRef = 055E470D29B36B1600E0C01D /* Public.swift */; };
		055E471229B36F3E00E0C01D /* Alert.swift in Sources */ = {isa = PBXBuildFile; fileRef = 055E471129B36F3E00E0C01D /* Alert.swift */; };
		055E471429B36F7500E0C01D /* String.swift in Sources */ = {isa = PBXBuildFile; fileRef = 055E471329B36F7500E0C01D /* String.swift */; };
/* End PBXBuildFile section */

/* Begin PBXFileReference section */
		055E46D829B367DE00E0C01D /* COWStatusCrumb.app */ = {isa = PBXFileReference; explicitFileType = wrapper.application; includeInIndex = 0; path = COWStatusCrumb.app; sourceTree = BUILT_PRODUCTS_DIR; };
		055E46DB29B367DE00E0C01D /* COWStatusCrumbApp.swift */ = {isa = PBXFileReference; lastKnownFileType = sourcecode.swift; path = COWStatusCrumbApp.swift; sourceTree = "<group>"; };
		055E46DD29B367DE00E0C01D /* ContentView.swift */ = {isa = PBXFileReference; lastKnownFileType = sourcecode.swift; path = ContentView.swift; sourceTree = "<group>"; };
		055E46DF29B367E000E0C01D /* Assets.xcassets */ = {isa = PBXFileReference; lastKnownFileType = folder.assetcatalog; path = Assets.xcassets; sourceTree = "<group>"; };
		055E46E229B367E000E0C01D /* Preview Assets.xcassets */ = {isa = PBXFileReference; lastKnownFileType = folder.assetcatalog; path = "Preview Assets.xcassets"; sourceTree = "<group>"; };
		055E46E929B3686300E0C01D /* COWStatusCrumb.entitlements */ = {isa = PBXFileReference; lastKnownFileType = text.plist.entitlements; path = COWStatusCrumb.entitlements; sourceTree = "<group>"; };
		055E46EA29B368C800E0C01D /* COWStatusCrumb-Bridging-Header.h */ = {isa = PBXFileReference; lastKnownFileType = sourcecode.c.h; path = "COWStatusCrumb-Bridging-Header.h"; sourceTree = "<group>"; };
		055E46EE29B3691500E0C01D /* vm_unaligned_copy_switch_race.c */ = {isa = PBXFileReference; fileEncoding = 4; lastKnownFileType = sourcecode.c.c; name = vm_unaligned_copy_switch_race.c; path = ../../../../StatusMagic/StatusMagic/Exploit/vm_unaligned_copy_switch_race.c; sourceTree = "<group>"; };
		055E46EF29B3691500E0C01D /* helpers.m */ = {isa = PBXFileReference; fileEncoding = 4; lastKnownFileType = sourcecode.c.objc; name = helpers.m; path = ../../../../StatusMagic/StatusMagic/Exploit/helpers.m; sourceTree = "<group>"; };
		055E46F029B3691500E0C01D /* vm_unaligned_copy_switch_race.h */ = {isa = PBXFileReference; fileEncoding = 4; lastKnownFileType = sourcecode.c.h; name = vm_unaligned_copy_switch_race.h; path = ../../../../StatusMagic/StatusMagic/Exploit/vm_unaligned_copy_switch_race.h; sourceTree = "<group>"; };
		055E46F129B3691500E0C01D /* grant_full_disk_access.m */ = {isa = PBXFileReference; fileEncoding = 4; lastKnownFileType = sourcecode.c.objc; name = grant_full_disk_access.m; path = ../../../../StatusMagic/StatusMagic/Exploit/grant_full_disk_access.m; sourceTree = "<group>"; };
		055E46F229B3691500E0C01D /* grant_full_disk_access.h */ = {isa = PBXFileReference; fileEncoding = 4; lastKnownFileType = sourcecode.c.h; name = grant_full_disk_access.h; path = ../../../../StatusMagic/StatusMagic/Exploit/grant_full_disk_access.h; sourceTree = "<group>"; };
		055E46F329B3691500E0C01D /* helpers.h */ = {isa = PBXFileReference; fileEncoding = 4; lastKnownFileType = sourcecode.c.h; name = helpers.h; path = ../../../../StatusMagic/StatusMagic/Exploit/helpers.h; sourceTree = "<group>"; };
		055E46F829B3694C00E0C01D /* StatusManager.h */ = {isa = PBXFileReference; fileEncoding = 4; lastKnownFileType = sourcecode.c.h; path = StatusManager.h; sourceTree = "<group>"; };
		055E46F929B3694C00E0C01D /* StatusSetter14.m */ = {isa = PBXFileReference; fileEncoding = 4; lastKnownFileType = sourcecode.c.objc; path = StatusSetter14.m; sourceTree = "<group>"; };
		055E46FA29B3694C00E0C01D /* StatusManager.m */ = {isa = PBXFileReference; fileEncoding = 4; lastKnownFileType = sourcecode.c.objc; path = StatusManager.m; sourceTree = "<group>"; };
		055E46FB29B3694C00E0C01D /* StatusSetter16_1.h */ = {isa = PBXFileReference; fileEncoding = 4; lastKnownFileType = sourcecode.c.h; path = StatusSetter16_1.h; sourceTree = "<group>"; };
		055E46FC29B3694C00E0C01D /* StatusSetter15.m */ = {isa = PBXFileReference; fileEncoding = 4; lastKnownFileType = sourcecode.c.objc; path = StatusSetter15.m; sourceTree = "<group>"; };
		055E46FD29B3694C00E0C01D /* StatusSetter16.m */ = {isa = PBXFileReference; fileEncoding = 4; lastKnownFileType = sourcecode.c.objc; path = StatusSetter16.m; sourceTree = "<group>"; };
		055E46FE29B3694C00E0C01D /* StatusSetter14.h */ = {isa = PBXFileReference; fileEncoding = 4; lastKnownFileType = sourcecode.c.h; path = StatusSetter14.h; sourceTree = "<group>"; };
		055E46FF29B3694C00E0C01D /* StatusSetter.h */ = {isa = PBXFileReference; fileEncoding = 4; lastKnownFileType = sourcecode.c.h; path = StatusSetter.h; sourceTree = "<group>"; };
		055E470029B3694C00E0C01D /* StatusSetter16_1.m */ = {isa = PBXFileReference; fileEncoding = 4; lastKnownFileType = sourcecode.c.objc; path = StatusSetter16_1.m; sourceTree = "<group>"; };
		055E470129B3694C00E0C01D /* StatusSetter15.h */ = {isa = PBXFileReference; fileEncoding = 4; lastKnownFileType = sourcecode.c.h; path = StatusSetter15.h; sourceTree = "<group>"; };
		055E470229B3694C00E0C01D /* StatusSetter16.h */ = {isa = PBXFileReference; fileEncoding = 4; lastKnownFileType = sourcecode.c.h; path = StatusSetter16.h; sourceTree = "<group>"; };
		055E470929B36A7B00E0C01D /* LocationManager.swift */ = {isa = PBXFileReference; lastKnownFileType = sourcecode.swift; path = LocationManager.swift; sourceTree = "<group>"; };
		055E470B29B36AC400E0C01D /* BackgroundFileUpdaterController.swift */ = {isa = PBXFileReference; lastKnownFileType = sourcecode.swift; path = BackgroundFileUpdaterController.swift; sourceTree = "<group>"; };
		055E470D29B36B1600E0C01D /* Public.swift */ = {isa = PBXFileReference; lastKnownFileType = sourcecode.swift; path = Public.swift; sourceTree = "<group>"; };
		055E470F29B36E3800E0C01D /* Info.plist */ = {isa = PBXFileReference; lastKnownFileType = text.plist; path = Info.plist; sourceTree = "<group>"; };
		055E471129B36F3E00E0C01D /* Alert.swift */ = {isa = PBXFileReference; lastKnownFileType = sourcecode.swift; path = Alert.swift; sourceTree = "<group>"; };
		055E471329B36F7500E0C01D /* String.swift */ = {isa = PBXFileReference; lastKnownFileType = sourcecode.swift; path = String.swift; sourceTree = "<group>"; };
/* End PBXFileReference section */

/* Begin PBXFrameworksBuildPhase section */
		055E46D529B367DE00E0C01D /* Frameworks */ = {
			isa = PBXFrameworksBuildPhase;
			buildActionMask = 2147483647;
			files = (
			);
			runOnlyForDeploymentPostprocessing = 0;
		};
/* End PBXFrameworksBuildPhase section */

/* Begin PBXGroup section */
		055E46CF29B367DE00E0C01D = {
			isa = PBXGroup;
			children = (
				055E46DA29B367DE00E0C01D /* COWStatusCrumb */,
				055E46D929B367DE00E0C01D /* Products */,
			);
			sourceTree = "<group>";
		};
		055E46D929B367DE00E0C01D /* Products */ = {
			isa = PBXGroup;
			children = (
				055E46D829B367DE00E0C01D /* COWStatusCrumb.app */,
			);
			name = Products;
			sourceTree = "<group>";
		};
		055E46DA29B367DE00E0C01D /* COWStatusCrumb */ = {
			isa = PBXGroup;
			children = (
				055E471029B36F2E00E0C01D /* Extensions */,
				055E470F29B36E3800E0C01D /* Info.plist */,
				055E470829B36A6400E0C01D /* Controllers */,
				055E46F729B3692B00E0C01D /* Status Manager */,
				055E46ED29B368DF00E0C01D /* Exploit */,
				055E46E929B3686300E0C01D /* COWStatusCrumb.entitlements */,
				055E46DB29B367DE00E0C01D /* COWStatusCrumbApp.swift */,
				055E46DD29B367DE00E0C01D /* ContentView.swift */,
				055E46DF29B367E000E0C01D /* Assets.xcassets */,
				055E46E129B367E000E0C01D /* Preview Content */,
				055E46EA29B368C800E0C01D /* COWStatusCrumb-Bridging-Header.h */,
				055E470D29B36B1600E0C01D /* Public.swift */,
			);
			path = COWStatusCrumb;
			sourceTree = "<group>";
		};
		055E46E129B367E000E0C01D /* Preview Content */ = {
			isa = PBXGroup;
			children = (
				055E46E229B367E000E0C01D /* Preview Assets.xcassets */,
			);
			path = "Preview Content";
			sourceTree = "<group>";
		};
		055E46ED29B368DF00E0C01D /* Exploit */ = {
			isa = PBXGroup;
			children = (
				055E46F229B3691500E0C01D /* grant_full_disk_access.h */,
				055E46F129B3691500E0C01D /* grant_full_disk_access.m */,
				055E46F329B3691500E0C01D /* helpers.h */,
				055E46EF29B3691500E0C01D /* helpers.m */,
				055E46EE29B3691500E0C01D /* vm_unaligned_copy_switch_race.c */,
				055E46F029B3691500E0C01D /* vm_unaligned_copy_switch_race.h */,
			);
			path = Exploit;
			sourceTree = "<group>";
		};
		055E46F729B3692B00E0C01D /* Status Manager */ = {
			isa = PBXGroup;
			children = (
				055E46F829B3694C00E0C01D /* StatusManager.h */,
				055E46FA29B3694C00E0C01D /* StatusManager.m */,
				055E46FF29B3694C00E0C01D /* StatusSetter.h */,
				055E46FE29B3694C00E0C01D /* StatusSetter14.h */,
				055E46F929B3694C00E0C01D /* StatusSetter14.m */,
				055E470129B3694C00E0C01D /* StatusSetter15.h */,
				055E46FC29B3694C00E0C01D /* StatusSetter15.m */,
				055E46FB29B3694C00E0C01D /* StatusSetter16_1.h */,
				055E470029B3694C00E0C01D /* StatusSetter16_1.m */,
				055E470229B3694C00E0C01D /* StatusSetter16.h */,
				055E46FD29B3694C00E0C01D /* StatusSetter16.m */,
			);
			path = "Status Manager";
			sourceTree = "<group>";
		};
		055E470829B36A6400E0C01D /* Controllers */ = {
			isa = PBXGroup;
			children = (
				055E470929B36A7B00E0C01D /* LocationManager.swift */,
				055E470B29B36AC400E0C01D /* BackgroundFileUpdaterController.swift */,
			);
			path = Controllers;
			sourceTree = "<group>";
		};
		055E471029B36F2E00E0C01D /* Extensions */ = {
			isa = PBXGroup;
			children = (
				055E471129B36F3E00E0C01D /* Alert.swift */,
				055E471329B36F7500E0C01D /* String.swift */,
			);
			path = Extensions;
			sourceTree = "<group>";
		};
/* End PBXGroup section */

/* Begin PBXNativeTarget section */
		055E46D729B367DE00E0C01D /* COWStatusCrumb */ = {
			isa = PBXNativeTarget;
			buildConfigurationList = 055E46E629B367E000E0C01D /* Build configuration list for PBXNativeTarget "COWStatusCrumb" */;
			buildPhases = (
				055E46D429B367DE00E0C01D /* Sources */,
				055E46D529B367DE00E0C01D /* Frameworks */,
				055E46D629B367DE00E0C01D /* Resources */,
			);
			buildRules = (
			);
			dependencies = (
			);
			name = COWStatusCrumb;
			productName = COWStatusCrumb;
			productReference = 055E46D829B367DE00E0C01D /* COWStatusCrumb.app */;
			productType = "com.apple.product-type.application";
		};
/* End PBXNativeTarget section */

/* Begin PBXProject section */
		055E46D029B367DE00E0C01D /* Project object */ = {
			isa = PBXProject;
			attributes = {
				BuildIndependentTargetsInParallel = 1;
				LastSwiftUpdateCheck = 1420;
				LastUpgradeCheck = 1420;
				TargetAttributes = {
					055E46D729B367DE00E0C01D = {
						CreatedOnToolsVersion = 14.2;
						LastSwiftMigration = 1420;
					};
				};
			};
			buildConfigurationList = 055E46D329B367DE00E0C01D /* Build configuration list for PBXProject "COWStatusCrumb" */;
			compatibilityVersion = "Xcode 14.0";
			developmentRegion = en;
			hasScannedForEncodings = 0;
			knownRegions = (
				en,
				Base,
			);
			mainGroup = 055E46CF29B367DE00E0C01D;
			productRefGroup = 055E46D929B367DE00E0C01D /* Products */;
			projectDirPath = "";
			projectRoot = "";
			targets = (
				055E46D729B367DE00E0C01D /* COWStatusCrumb */,
			);
		};
/* End PBXProject section */

/* Begin PBXResourcesBuildPhase section */
		055E46D629B367DE00E0C01D /* Resources */ = {
			isa = PBXResourcesBuildPhase;
			buildActionMask = 2147483647;
			files = (
				055E46E329B367E000E0C01D /* Preview Assets.xcassets in Resources */,
				055E46E029B367E000E0C01D /* Assets.xcassets in Resources */,
			);
			runOnlyForDeploymentPostprocessing = 0;
		};
/* End PBXResourcesBuildPhase section */

/* Begin PBXSourcesBuildPhase section */
		055E46D429B367DE00E0C01D /* Sources */ = {
			isa = PBXSourcesBuildPhase;
			buildActionMask = 2147483647;
			files = (
				055E46DE29B367DE00E0C01D /* ContentView.swift in Sources */,
				055E470C29B36AC400E0C01D /* BackgroundFileUpdaterController.swift in Sources */,
				055E470429B3694C00E0C01D /* StatusManager.m in Sources */,
				055E470329B3694C00E0C01D /* StatusSetter14.m in Sources */,
				055E470E29B36B1600E0C01D /* Public.swift in Sources */,
				055E470A29B36A7B00E0C01D /* LocationManager.swift in Sources */,
				055E471229B36F3E00E0C01D /* Alert.swift in Sources */,
				055E46DC29B367DE00E0C01D /* COWStatusCrumbApp.swift in Sources */,
				055E470529B3694C00E0C01D /* StatusSetter15.m in Sources */,
				055E470629B3694C00E0C01D /* StatusSetter16.m in Sources */,
				055E46F629B3691500E0C01D /* grant_full_disk_access.m in Sources */,
				055E46F429B3691500E0C01D /* vm_unaligned_copy_switch_race.c in Sources */,
				055E471429B36F7500E0C01D /* String.swift in Sources */,
				055E46F529B3691500E0C01D /* helpers.m in Sources */,
				055E470729B3694C00E0C01D /* StatusSetter16_1.m in Sources */,
			);
			runOnlyForDeploymentPostprocessing = 0;
		};
/* End PBXSourcesBuildPhase section */

/* Begin XCBuildConfiguration section */
		055E46E429B367E000E0C01D /* Debug */ = {
			isa = XCBuildConfiguration;
			buildSettings = {
				ALWAYS_SEARCH_USER_PATHS = NO;
				CLANG_ANALYZER_NONNULL = YES;
				CLANG_ANALYZER_NUMBER_OBJECT_CONVERSION = YES_AGGRESSIVE;
				CLANG_CXX_LANGUAGE_STANDARD = "gnu++20";
				CLANG_ENABLE_MODULES = YES;
				CLANG_ENABLE_OBJC_ARC = YES;
				CLANG_ENABLE_OBJC_WEAK = YES;
				CLANG_WARN_BLOCK_CAPTURE_AUTORELEASING = YES;
				CLANG_WARN_BOOL_CONVERSION = YES;
				CLANG_WARN_COMMA = YES;
				CLANG_WARN_CONSTANT_CONVERSION = YES;
				CLANG_WARN_DEPRECATED_OBJC_IMPLEMENTATIONS = YES;
				CLANG_WARN_DIRECT_OBJC_ISA_USAGE = YES_ERROR;
				CLANG_WARN_DOCUMENTATION_COMMENTS = YES;
				CLANG_WARN_EMPTY_BODY = YES;
				CLANG_WARN_ENUM_CONVERSION = YES;
				CLANG_WARN_INFINITE_RECURSION = YES;
				CLANG_WARN_INT_CONVERSION = YES;
				CLANG_WARN_NON_LITERAL_NULL_CONVERSION = YES;
				CLANG_WARN_OBJC_IMPLICIT_RETAIN_SELF = YES;
				CLANG_WARN_OBJC_LITERAL_CONVERSION = YES;
				CLANG_WARN_OBJC_ROOT_CLASS = YES_ERROR;
				CLANG_WARN_QUOTED_INCLUDE_IN_FRAMEWORK_HEADER = YES;
				CLANG_WARN_RANGE_LOOP_ANALYSIS = YES;
				CLANG_WARN_STRICT_PROTOTYPES = YES;
				CLANG_WARN_SUSPICIOUS_MOVE = YES;
				CLANG_WARN_UNGUARDED_AVAILABILITY = YES_AGGRESSIVE;
				CLANG_WARN_UNREACHABLE_CODE = YES;
				CLANG_WARN__DUPLICATE_METHOD_MATCH = YES;
				COPY_PHASE_STRIP = NO;
				DEBUG_INFORMATION_FORMAT = dwarf;
				ENABLE_STRICT_OBJC_MSGSEND = YES;
				ENABLE_TESTABILITY = YES;
				GCC_C_LANGUAGE_STANDARD = gnu11;
				GCC_DYNAMIC_NO_PIC = NO;
				GCC_NO_COMMON_BLOCKS = YES;
				GCC_OPTIMIZATION_LEVEL = 0;
				GCC_PREPROCESSOR_DEFINITIONS = (
					"DEBUG=1",
					"$(inherited)",
				);
				GCC_WARN_64_TO_32_BIT_CONVERSION = YES;
				GCC_WARN_ABOUT_RETURN_TYPE = YES_ERROR;
				GCC_WARN_UNDECLARED_SELECTOR = YES;
				GCC_WARN_UNINITIALIZED_AUTOS = YES_AGGRESSIVE;
				GCC_WARN_UNUSED_FUNCTION = YES;
				GCC_WARN_UNUSED_VARIABLE = YES;
				IPHONEOS_DEPLOYMENT_TARGET = 16.2;
				MTL_ENABLE_DEBUG_INFO = INCLUDE_SOURCE;
				MTL_FAST_MATH = YES;
				ONLY_ACTIVE_ARCH = YES;
				SDKROOT = iphoneos;
				SWIFT_ACTIVE_COMPILATION_CONDITIONS = DEBUG;
				SWIFT_OPTIMIZATION_LEVEL = "-Onone";
			};
			name = Debug;
		};
		055E46E529B367E000E0C01D /* Release */ = {
			isa = XCBuildConfiguration;
			buildSettings = {
				ALWAYS_SEARCH_USER_PATHS = NO;
				CLANG_ANALYZER_NONNULL = YES;
				CLANG_ANALYZER_NUMBER_OBJECT_CONVERSION = YES_AGGRESSIVE;
				CLANG_CXX_LANGUAGE_STANDARD = "gnu++20";
				CLANG_ENABLE_MODULES = YES;
				CLANG_ENABLE_OBJC_ARC = YES;
				CLANG_ENABLE_OBJC_WEAK = YES;
				CLANG_WARN_BLOCK_CAPTURE_AUTORELEASING = YES;
				CLANG_WARN_BOOL_CONVERSION = YES;
				CLANG_WARN_COMMA = YES;
				CLANG_WARN_CONSTANT_CONVERSION = YES;
				CLANG_WARN_DEPRECATED_OBJC_IMPLEMENTATIONS = YES;
				CLANG_WARN_DIRECT_OBJC_ISA_USAGE = YES_ERROR;
				CLANG_WARN_DOCUMENTATION_COMMENTS = YES;
				CLANG_WARN_EMPTY_BODY = YES;
				CLANG_WARN_ENUM_CONVERSION = YES;
				CLANG_WARN_INFINITE_RECURSION = YES;
				CLANG_WARN_INT_CONVERSION = YES;
				CLANG_WARN_NON_LITERAL_NULL_CONVERSION = YES;
				CLANG_WARN_OBJC_IMPLICIT_RETAIN_SELF = YES;
				CLANG_WARN_OBJC_LITERAL_CONVERSION = YES;
				CLANG_WARN_OBJC_ROOT_CLASS = YES_ERROR;
				CLANG_WARN_QUOTED_INCLUDE_IN_FRAMEWORK_HEADER = YES;
				CLANG_WARN_RANGE_LOOP_ANALYSIS = YES;
				CLANG_WARN_STRICT_PROTOTYPES = YES;
				CLANG_WARN_SUSPICIOUS_MOVE = YES;
				CLANG_WARN_UNGUARDED_AVAILABILITY = YES_AGGRESSIVE;
				CLANG_WARN_UNREACHABLE_CODE = YES;
				CLANG_WARN__DUPLICATE_METHOD_MATCH = YES;
				COPY_PHASE_STRIP = NO;
				DEBUG_INFORMATION_FORMAT = "dwarf-with-dsym";
				ENABLE_NS_ASSERTIONS = NO;
				ENABLE_STRICT_OBJC_MSGSEND = YES;
				GCC_C_LANGUAGE_STANDARD = gnu11;
				GCC_NO_COMMON_BLOCKS = YES;
				GCC_WARN_64_TO_32_BIT_CONVERSION = YES;
				GCC_WARN_ABOUT_RETURN_TYPE = YES_ERROR;
				GCC_WARN_UNDECLARED_SELECTOR = YES;
				GCC_WARN_UNINITIALIZED_AUTOS = YES_AGGRESSIVE;
				GCC_WARN_UNUSED_FUNCTION = YES;
				GCC_WARN_UNUSED_VARIABLE = YES;
				IPHONEOS_DEPLOYMENT_TARGET = 16.2;
				MTL_ENABLE_DEBUG_INFO = NO;
				MTL_FAST_MATH = YES;
				SDKROOT = iphoneos;
				SWIFT_COMPILATION_MODE = wholemodule;
				SWIFT_OPTIMIZATION_LEVEL = "-O";
				VALIDATE_PRODUCT = YES;
			};
			name = Release;
		};
		055E46E729B367E000E0C01D /* Debug */ = {
			isa = XCBuildConfiguration;
			buildSettings = {
				ASSETCATALOG_COMPILER_APPICON_NAME = AppIcon;
				ASSETCATALOG_COMPILER_GLOBAL_ACCENT_COLOR_NAME = AccentColor;
				CLANG_ENABLE_MODULES = YES;
				CODE_SIGN_ENTITLEMENTS = COWStatusCrumb/COWStatusCrumb.entitlements;
				CODE_SIGN_STYLE = Automatic;
				CURRENT_PROJECT_VERSION = 1;
				DEVELOPMENT_ASSET_PATHS = "\"COWStatusCrumb/Preview Content\"";
				DEVELOPMENT_TEAM = L2CJ78AL3T;
				ENABLE_PREVIEWS = YES;
				GENERATE_INFOPLIST_FILE = YES;
				INFOPLIST_FILE = COWStatusCrumb/Info.plist;
				INFOPLIST_KEY_UIApplicationSceneManifest_Generation = YES;
				INFOPLIST_KEY_UIApplicationSupportsIndirectInputEvents = YES;
				INFOPLIST_KEY_UILaunchScreen_Generation = YES;
				INFOPLIST_KEY_UISupportedInterfaceOrientations_iPad = "UIInterfaceOrientationPortrait UIInterfaceOrientationPortraitUpsideDown UIInterfaceOrientationLandscapeLeft UIInterfaceOrientationLandscapeRight";
				INFOPLIST_KEY_UISupportedInterfaceOrientations_iPhone = "UIInterfaceOrientationPortrait UIInterfaceOrientationLandscapeLeft UIInterfaceOrientationLandscapeRight";
				IPHONEOS_DEPLOYMENT_TARGET = 14.0;
				LD_RUNPATH_SEARCH_PATHS = (
					"$(inherited)",
					"@executable_path/Frameworks",
				);
				MARKETING_VERSION = 1.0;
				PRODUCT_BUNDLE_IDENTIFIER = com.fku.COWStatusCrumb;
				PRODUCT_NAME = "$(TARGET_NAME)";
				SWIFT_EMIT_LOC_STRINGS = YES;
				SWIFT_OBJC_BRIDGING_HEADER = "COWStatusCrumb/COWStatusCrumb-Bridging-Header.h";
				SWIFT_OPTIMIZATION_LEVEL = "-Onone";
				SWIFT_VERSION = 5.0;
				TARGETED_DEVICE_FAMILY = "1,2";
			};
			name = Debug;
		};
		055E46E829B367E000E0C01D /* Release */ = {
			isa = XCBuildConfiguration;
			buildSettings = {
				ASSETCATALOG_COMPILER_APPICON_NAME = AppIcon;
				ASSETCATALOG_COMPILER_GLOBAL_ACCENT_COLOR_NAME = AccentColor;
				CLANG_ENABLE_MODULES = YES;
				CODE_SIGN_ENTITLEMENTS = COWStatusCrumb/COWStatusCrumb.entitlements;
				CODE_SIGN_STYLE = Automatic;
				CURRENT_PROJECT_VERSION = 1;
				DEVELOPMENT_ASSET_PATHS = "\"COWStatusCrumb/Preview Content\"";
				DEVELOPMENT_TEAM = L2CJ78AL3T;
				ENABLE_PREVIEWS = YES;
				GENERATE_INFOPLIST_FILE = YES;
				INFOPLIST_FILE = COWStatusCrumb/Info.plist;
				INFOPLIST_KEY_UIApplicationSceneManifest_Generation = YES;
				INFOPLIST_KEY_UIApplicationSupportsIndirectInputEvents = YES;
				INFOPLIST_KEY_UILaunchScreen_Generation = YES;
				INFOPLIST_KEY_UISupportedInterfaceOrientations_iPad = "UIInterfaceOrientationPortrait UIInterfaceOrientationPortraitUpsideDown UIInterfaceOrientationLandscapeLeft UIInterfaceOrientationLandscapeRight";
				INFOPLIST_KEY_UISupportedInterfaceOrientations_iPhone = "UIInterfaceOrientationPortrait UIInterfaceOrientationLandscapeLeft UIInterfaceOrientationLandscapeRight";
				IPHONEOS_DEPLOYMENT_TARGET = 14.0;
				LD_RUNPATH_SEARCH_PATHS = (
					"$(inherited)",
					"@executable_path/Frameworks",
				);
				MARKETING_VERSION = 1.0;
				PRODUCT_BUNDLE_IDENTIFIER = com.fku.COWStatusCrumb;
				PRODUCT_NAME = "$(TARGET_NAME)";
				SWIFT_EMIT_LOC_STRINGS = YES;
				SWIFT_OBJC_BRIDGING_HEADER = "COWStatusCrumb/COWStatusCrumb-Bridging-Header.h";
				SWIFT_VERSION = 5.0;
				TARGETED_DEVICE_FAMILY = "1,2";
			};
			name = Release;
		};
/* End XCBuildConfiguration section */

/* Begin XCConfigurationList section */
		055E46D329B367DE00E0C01D /* Build configuration list for PBXProject "COWStatusCrumb" */ = {
			isa = XCConfigurationList;
			buildConfigurations = (
				055E46E429B367E000E0C01D /* Debug */,
				055E46E529B367E000E0C01D /* Release */,
			);
			defaultConfigurationIsVisible = 0;
			defaultConfigurationName = Release;
		};
		055E46E629B367E000E0C01D /* Build configuration list for PBXNativeTarget "COWStatusCrumb" */ = {
			isa = XCConfigurationList;
			buildConfigurations = (
				055E46E729B367E000E0C01D /* Debug */,
				055E46E829B367E000E0C01D /* Release */,
			);
			defaultConfigurationIsVisible = 0;
			defaultConfigurationName = Release;
		};
/* End XCConfigurationList section */
	};
	rootObject = 055E46D029B367DE00E0C01D /* Project object */;
}
